// !$*UTF8*$!
{
	archiveVersion = 1;
	classes = {
	};
	objectVersion = 77;
	objects = {

/* Begin PBXBuildFile section */
		BE34FE1C2E7AA715009F41D8 /* sw.js in Resources */ = {isa = PBXBuildFile; fileRef = BE34FE192E7AA715009F41D8 /* sw.js */; };
		BE34FE1D2E7AA715009F41D8 /* worker.js in Resources */ = {isa = PBXBuildFile; fileRef = BE34FE1A2E7AA715009F41D8 /* worker.js */; };
		BE34FE1E2E7AA715009F41D8 /* manifest.json in Resources */ = {isa = PBXBuildFile; fileRef = BE34FE172E7AA715009F41D8 /* manifest.json */; };
		BE34FE1F2E7AA715009F41D8 /* style.css in Resources */ = {isa = PBXBuildFile; fileRef = BE34FE182E7AA715009F41D8 /* style.css */; };
		BE34FE202E7AA715009F41D8 /* icon-192.png in Resources */ = {isa = PBXBuildFile; fileRef = BE34FE152E7AA715009F41D8 /* icon-192.png */; };
		BE34FE212E7AA715009F41D8 /* index.html in Resources */ = {isa = PBXBuildFile; fileRef = BE34FE162E7AA715009F41D8 /* index.html */; };
/* End PBXBuildFile section */

/* Begin PBXContainerItemProxy section */
		BE34FDCF2E7A8420009F41D8 /* PBXContainerItemProxy */ = {
			isa = PBXContainerItemProxy;
			containerPortal = BE34FDB92E7A841E009F41D8 /* Project object */;
			proxyType = 1;
			remoteGlobalIDString = BE34FDC02E7A841E009F41D8;
			remoteInfo = AirComfy;
		};
		BE34FDD92E7A8420009F41D8 /* PBXContainerItemProxy */ = {
			isa = PBXContainerItemProxy;
			containerPortal = BE34FDB92E7A841E009F41D8 /* Project object */;
			proxyType = 1;
			remoteGlobalIDString = BE34FDC02E7A841E009F41D8;
			remoteInfo = AirComfy;
		};
/* End PBXContainerItemProxy section */

/* Begin PBXFileReference section */
		BE34FDC12E7A841E009F41D8 /* AirComfy.app */ = {isa = PBXFileReference; explicitFileType = wrapper.application; includeInIndex = 0; path = AirComfy.app; sourceTree = BUILT_PRODUCTS_DIR; };
		BE34FDCE2E7A8420009F41D8 /* AirComfyTests.xctest */ = {isa = PBXFileReference; explicitFileType = wrapper.cfbundle; includeInIndex = 0; path = AirComfyTests.xctest; sourceTree = BUILT_PRODUCTS_DIR; };
		BE34FDD82E7A8420009F41D8 /* AirComfyUITests.xctest */ = {isa = PBXFileReference; explicitFileType = wrapper.cfbundle; includeInIndex = 0; path = AirComfyUITests.xctest; sourceTree = BUILT_PRODUCTS_DIR; };
		BE34FE152E7AA715009F41D8 /* icon-192.png */ = {isa = PBXFileReference; lastKnownFileType = image.png; path = "icon-192.png"; sourceTree = "<group>"; };
		BE34FE162E7AA715009F41D8 /* index.html */ = {isa = PBXFileReference; lastKnownFileType = text.html; path = index.html; sourceTree = "<group>"; };
		BE34FE172E7AA715009F41D8 /* manifest.json */ = {isa = PBXFileReference; lastKnownFileType = text.json; path = manifest.json; sourceTree = "<group>"; };
		BE34FE182E7AA715009F41D8 /* style.css */ = {isa = PBXFileReference; lastKnownFileType = text.css; path = style.css; sourceTree = "<group>"; };
		BE34FE192E7AA715009F41D8 /* sw.js */ = {isa = PBXFileReference; lastKnownFileType = sourcecode.javascript; path = sw.js; sourceTree = "<group>"; };
		BE34FE1A2E7AA715009F41D8 /* worker.js */ = {isa = PBXFileReference; lastKnownFileType = sourcecode.javascript; path = worker.js; sourceTree = "<group>"; };
/* End PBXFileReference section */

/* Begin PBXFileSystemSynchronizedBuildFileExceptionSet section */
		23DACC0F2E7DA1D600BAE0AF /* Exceptions for "AirComfy" folder in "AirComfy" target */ = {
			isa = PBXFileSystemSynchronizedBuildFileExceptionSet;
			membershipExceptions = (
				index.html,
			);
			target = BE34FDC02E7A841E009F41D8 /* AirComfy */;
		};
/* End PBXFileSystemSynchronizedBuildFileExceptionSet section */

/* Begin PBXFileSystemSynchronizedRootGroup section */
		BE34FDC32E7A841E009F41D8 /* AirComfy */ = {
			isa = PBXFileSystemSynchronizedRootGroup;
			exceptions = (
				23DACC0F2E7DA1D600BAE0AF /* Exceptions for "AirComfy" folder in "AirComfy" target */,
			);
			path = AirComfy;
			sourceTree = "<group>";
		};
		BE34FDD12E7A8420009F41D8 /* AirComfyTests */ = {
			isa = PBXFileSystemSynchronizedRootGroup;
			path = AirComfyTests;
			sourceTree = "<group>";
		};
		BE34FDDB2E7A8420009F41D8 /* AirComfyUITests */ = {
			isa = PBXFileSystemSynchronizedRootGroup;
			path = AirComfyUITests;
			sourceTree = "<group>";
		};
/* End PBXFileSystemSynchronizedRootGroup section */

/* Begin PBXFrameworksBuildPhase section */
		BE34FDBE2E7A841E009F41D8 /* Frameworks */ = {
			isa = PBXFrameworksBuildPhase;
			buildActionMask = 2147483647;
			files = (
			);
			runOnlyForDeploymentPostprocessing = 0;
		};
		BE34FDCB2E7A8420009F41D8 /* Frameworks */ = {
			isa = PBXFrameworksBuildPhase;
			buildActionMask = 2147483647;
			files = (
			);
			runOnlyForDeploymentPostprocessing = 0;
		};
		BE34FDD52E7A8420009F41D8 /* Frameworks */ = {
			isa = PBXFrameworksBuildPhase;
			buildActionMask = 2147483647;
			files = (
			);
			runOnlyForDeploymentPostprocessing = 0;
		};
/* End PBXFrameworksBuildPhase section */

/* Begin PBXGroup section */
		BE34FDB82E7A841E009F41D8 = {
			isa = PBXGroup;
			children = (
				BE34FE1B2E7AA715009F41D8 /* PWA */,
				BE34FDC32E7A841E009F41D8 /* AirComfy */,
				BE34FDD12E7A8420009F41D8 /* AirComfyTests */,
				BE34FDDB2E7A8420009F41D8 /* AirComfyUITests */,
				BE34FDC22E7A841E009F41D8 /* Products */,
			);
			sourceTree = "<group>";
		};
		BE34FDC22E7A841E009F41D8 /* Products */ = {
			isa = PBXGroup;
			children = (
				BE34FDC12E7A841E009F41D8 /* AirComfy.app */,
				BE34FDCE2E7A8420009F41D8 /* AirComfyTests.xctest */,
				BE34FDD82E7A8420009F41D8 /* AirComfyUITests.xctest */,
			);
			name = Products;
			sourceTree = "<group>";
		};
		BE34FE1B2E7AA715009F41D8 /* PWA */ = {
			isa = PBXGroup;
			children = (
				BE34FE152E7AA715009F41D8 /* icon-192.png */,
				BE34FE162E7AA715009F41D8 /* index.html */,
				BE34FE172E7AA715009F41D8 /* manifest.json */,
				BE34FE182E7AA715009F41D8 /* style.css */,
				BE34FE192E7AA715009F41D8 /* sw.js */,
				BE34FE1A2E7AA715009F41D8 /* worker.js */,
			);
			name = PWA;
			path = ../PWA;
			sourceTree = SOURCE_ROOT;
		};
/* End PBXGroup section */

/* Begin PBXNativeTarget section */
		BE34FDC02E7A841E009F41D8 /* AirComfy */ = {
			isa = PBXNativeTarget;
			buildConfigurationList = BE34FDE22E7A8420009F41D8 /* Build configuration list for PBXNativeTarget "AirComfy" */;
			buildPhases = (
				BE34FDBD2E7A841E009F41D8 /* Sources */,
				BE34FDBE2E7A841E009F41D8 /* Frameworks */,
				BE34FDBF2E7A841E009F41D8 /* Resources */,
			);
			buildRules = (
			);
			dependencies = (
			);
			fileSystemSynchronizedGroups = (
				BE34FDC32E7A841E009F41D8 /* AirComfy */,
			);
			name = AirComfy;
			packageProductDependencies = (
			);
			productName = AirComfy;
			productReference = BE34FDC12E7A841E009F41D8 /* AirComfy.app */;
			productType = "com.apple.product-type.application";
		};
		BE34FDCD2E7A8420009F41D8 /* AirComfyTests */ = {
			isa = PBXNativeTarget;
			buildConfigurationList = BE34FDE52E7A8420009F41D8 /* Build configuration list for PBXNativeTarget "AirComfyTests" */;
			buildPhases = (
				BE34FDCA2E7A8420009F41D8 /* Sources */,
				BE34FDCB2E7A8420009F41D8 /* Frameworks */,
				BE34FDCC2E7A8420009F41D8 /* Resources */,
			);
			buildRules = (
			);
			dependencies = (
				BE34FDD02E7A8420009F41D8 /* PBXTargetDependency */,
			);
			fileSystemSynchronizedGroups = (
				BE34FDD12E7A8420009F41D8 /* AirComfyTests */,
			);
			name = AirComfyTests;
			packageProductDependencies = (
			);
			productName = AirComfyTests;
			productReference = BE34FDCE2E7A8420009F41D8 /* AirComfyTests.xctest */;
			productType = "com.apple.product-type.bundle.unit-test";
		};
		BE34FDD72E7A8420009F41D8 /* AirComfyUITests */ = {
			isa = PBXNativeTarget;
			buildConfigurationList = BE34FDE82E7A8420009F41D8 /* Build configuration list for PBXNativeTarget "AirComfyUITests" */;
			buildPhases = (
				BE34FDD42E7A8420009F41D8 /* Sources */,
				BE34FDD52E7A8420009F41D8 /* Frameworks */,
				BE34FDD62E7A8420009F41D8 /* Resources */,
			);
			buildRules = (
			);
			dependencies = (
				BE34FDDA2E7A8420009F41D8 /* PBXTargetDependency */,
			);
			fileSystemSynchronizedGroups = (
				BE34FDDB2E7A8420009F41D8 /* AirComfyUITests */,
			);
			name = AirComfyUITests;
			packageProductDependencies = (
			);
			productName = AirComfyUITests;
			productReference = BE34FDD82E7A8420009F41D8 /* AirComfyUITests.xctest */;
			productType = "com.apple.product-type.bundle.ui-testing";
		};
/* End PBXNativeTarget section */

/* Begin PBXProject section */
		BE34FDB92E7A841E009F41D8 /* Project object */ = {
			isa = PBXProject;
			attributes = {
				BuildIndependentTargetsInParallel = 1;
				LastSwiftUpdateCheck = 1640;
				LastUpgradeCheck = 1640;
				TargetAttributes = {
					BE34FDC02E7A841E009F41D8 = {
						CreatedOnToolsVersion = 16.4;
					};
					BE34FDCD2E7A8420009F41D8 = {
						CreatedOnToolsVersion = 16.4;
						TestTargetID = BE34FDC02E7A841E009F41D8;
					};
					BE34FDD72E7A8420009F41D8 = {
						CreatedOnToolsVersion = 16.4;
						TestTargetID = BE34FDC02E7A841E009F41D8;
					};
				};
			};
			buildConfigurationList = BE34FDBC2E7A841E009F41D8 /* Build configuration list for PBXProject "AirComfy" */;
			developmentRegion = en;
			hasScannedForEncodings = 0;
			knownRegions = (
				en,
				Base,
			);
			mainGroup = BE34FDB82E7A841E009F41D8;
			minimizedProjectReferenceProxies = 1;
			preferredProjectObjectVersion = 77;
			productRefGroup = BE34FDC22E7A841E009F41D8 /* Products */;
			projectDirPath = "";
			projectRoot = "";
			targets = (
				BE34FDC02E7A841E009F41D8 /* AirComfy */,
				BE34FDCD2E7A8420009F41D8 /* AirComfyTests */,
				BE34FDD72E7A8420009F41D8 /* AirComfyUITests */,
			);
		};
/* End PBXProject section */

/* Begin PBXResourcesBuildPhase section */
		BE34FDBF2E7A841E009F41D8 /* Resources */ = {
			isa = PBXResourcesBuildPhase;
			buildActionMask = 2147483647;
			files = (
				BE34FE1C2E7AA715009F41D8 /* sw.js in Resources */,
				BE34FE1D2E7AA715009F41D8 /* worker.js in Resources */,
				BE34FE1E2E7AA715009F41D8 /* manifest.json in Resources */,
				BE34FE1F2E7AA715009F41D8 /* style.css in Resources */,
				BE34FE202E7AA715009F41D8 /* icon-192.png in Resources */,
				BE34FE212E7AA715009F41D8 /* index.html in Resources */,
			);
			runOnlyForDeploymentPostprocessing = 0;
		};
		BE34FDCC2E7A8420009F41D8 /* Resources */ = {
			isa = PBXResourcesBuildPhase;
			buildActionMask = 2147483647;
			files = (
			);
			runOnlyForDeploymentPostprocessing = 0;
		};
		BE34FDD62E7A8420009F41D8 /* Resources */ = {
			isa = PBXResourcesBuildPhase;
			buildActionMask = 2147483647;
			files = (
			);
			runOnlyForDeploymentPostprocessing = 0;
		};
/* End PBXResourcesBuildPhase section */

/* Begin PBXSourcesBuildPhase section */
		BE34FDBD2E7A841E009F41D8 /* Sources */ = {
			isa = PBXSourcesBuildPhase;
			buildActionMask = 2147483647;
			files = (
			);
			runOnlyForDeploymentPostprocessing = 0;
		};
		BE34FDCA2E7A8420009F41D8 /* Sources */ = {
			isa = PBXSourcesBuildPhase;
			buildActionMask = 2147483647;
			files = (
			);
			runOnlyForDeploymentPostprocessing = 0;
		};
		BE34FDD42E7A8420009F41D8 /* Sources */ = {
			isa = PBXSourcesBuildPhase;
			buildActionMask = 2147483647;
			files = (
			);
			runOnlyForDeploymentPostprocessing = 0;
		};
/* End PBXSourcesBuildPhase section */

/* Begin PBXTargetDependency section */
		BE34FDD02E7A8420009F41D8 /* PBXTargetDependency */ = {
			isa = PBXTargetDependency;
			target = BE34FDC02E7A841E009F41D8 /* AirComfy */;
			targetProxy = BE34FDCF2E7A8420009F41D8 /* PBXContainerItemProxy */;
		};
		BE34FDDA2E7A8420009F41D8 /* PBXTargetDependency */ = {
			isa = PBXTargetDependency;
			target = BE34FDC02E7A841E009F41D8 /* AirComfy */;
			targetProxy = BE34FDD92E7A8420009F41D8 /* PBXContainerItemProxy */;
		};
/* End PBXTargetDependency section */

/* Begin XCBuildConfiguration section */
		BE34FDE02E7A8420009F41D8 /* Debug */ = {
			isa = XCBuildConfiguration;
			buildSettings = {
				ALWAYS_SEARCH_USER_PATHS = NO;
				ASSETCATALOG_COMPILER_GENERATE_SWIFT_ASSET_SYMBOL_EXTENSIONS = YES;
				CLANG_ANALYZER_NONNULL = YES;
				CLANG_ANALYZER_NUMBER_OBJECT_CONVERSION = YES_AGGRESSIVE;
				CLANG_CXX_LANGUAGE_STANDARD = "gnu++20";
				CLANG_ENABLE_MODULES = YES;
				CLANG_ENABLE_OBJC_ARC = YES;
				CLANG_ENABLE_OBJC_WEAK = YES;
				CLANG_WARN_BLOCK_CAPTURE_AUTORELEASING = YES;
				CLANG_WARN_BOOL_CONVERSION = YES;
				CLANG_WARN_COMMA = YES;
				CLANG_WARN_CONSTANT_CONVERSION = YES;
				CLANG_WARN_DEPRECATED_OBJC_IMPLEMENTATIONS = YES;
				CLANG_WARN_DIRECT_OBJC_ISA_USAGE = YES_ERROR;
				CLANG_WARN_DOCUMENTATION_COMMENTS = YES;
				CLANG_WARN_EMPTY_BODY = YES;
				CLANG_WARN_ENUM_CONVERSION = YES;
				CLANG_WARN_INFINITE_RECURSION = YES;
				CLANG_WARN_INT_CONVERSION = YES;
				CLANG_WARN_NON_LITERAL_NULL_CONVERSION = YES;
				CLANG_WARN_OBJC_IMPLICIT_RETAIN_SELF = YES;
				CLANG_WARN_OBJC_LITERAL_CONVERSION = YES;
				CLANG_WARN_OBJC_ROOT_CLASS = YES_ERROR;
				CLANG_WARN_QUOTED_INCLUDE_IN_FRAMEWORK_HEADER = YES;
				CLANG_WARN_RANGE_LOOP_ANALYSIS = YES;
				CLANG_WARN_STRICT_PROTOTYPES = YES;
				CLANG_WARN_SUSPICIOUS_MOVE = YES;
				CLANG_WARN_UNGUARDED_AVAILABILITY = YES_AGGRESSIVE;
				CLANG_WARN_UNREACHABLE_CODE = YES;
				CLANG_WARN__DUPLICATE_METHOD_MATCH = YES;
				COPY_PHASE_STRIP = NO;
				DEBUG_INFORMATION_FORMAT = dwarf;
				ENABLE_STRICT_OBJC_MSGSEND = YES;
				ENABLE_TESTABILITY = YES;
				ENABLE_USER_SCRIPT_SANDBOXING = YES;
				GCC_C_LANGUAGE_STANDARD = gnu17;
				GCC_DYNAMIC_NO_PIC = NO;
				GCC_NO_COMMON_BLOCKS = YES;
				GCC_OPTIMIZATION_LEVEL = 0;
				GCC_PREPROCESSOR_DEFINITIONS = (
					"DEBUG=1",
					"$(inherited)",
				);
				GCC_WARN_64_TO_32_BIT_CONVERSION = YES;
				GCC_WARN_ABOUT_RETURN_TYPE = YES_ERROR;
				GCC_WARN_UNDECLARED_SELECTOR = YES;
				GCC_WARN_UNINITIALIZED_AUTOS = YES_AGGRESSIVE;
				GCC_WARN_UNUSED_FUNCTION = YES;
				GCC_WARN_UNUSED_VARIABLE = YES;
				IPHONEOS_DEPLOYMENT_TARGET = 18.5;
				LOCALIZATION_PREFERS_STRING_CATALOGS = YES;
				MTL_ENABLE_DEBUG_INFO = INCLUDE_SOURCE;
				MTL_FAST_MATH = YES;
				ONLY_ACTIVE_ARCH = YES;
				SDKROOT = iphoneos;
				SWIFT_ACTIVE_COMPILATION_CONDITIONS = "DEBUG $(inherited)";
				SWIFT_OPTIMIZATION_LEVEL = "-Onone";
			};
			name = Debug;
		};
		BE34FDE12E7A8420009F41D8 /* Release */ = {
			isa = XCBuildConfiguration;
			buildSettings = {
				ALWAYS_SEARCH_USER_PATHS = NO;
				ASSETCATALOG_COMPILER_GENERATE_SWIFT_ASSET_SYMBOL_EXTENSIONS = YES;
				CLANG_ANALYZER_NONNULL = YES;
				CLANG_ANALYZER_NUMBER_OBJECT_CONVERSION = YES_AGGRESSIVE;
				CLANG_CXX_LANGUAGE_STANDARD = "gnu++20";
				CLANG_ENABLE_MODULES = YES;
				CLANG_ENABLE_OBJC_ARC = YES;
				CLANG_ENABLE_OBJC_WEAK = YES;
				CLANG_WARN_BLOCK_CAPTURE_AUTORELEASING = YES;
				CLANG_WARN_BOOL_CONVERSION = YES;
				CLANG_WARN_COMMA = YES;
				CLANG_WARN_CONSTANT_CONVERSION = YES;
				CLANG_WARN_DEPRECATED_OBJC_IMPLEMENTATIONS = YES;
				CLANG_WARN_DIRECT_OBJC_ISA_USAGE = YES_ERROR;
				CLANG_WARN_DOCUMENTATION_COMMENTS = YES;
				CLANG_WARN_EMPTY_BODY = YES;
				CLANG_WARN_ENUM_CONVERSION = YES;
				CLANG_WARN_INFINITE_RECURSION = YES;
				CLANG_WARN_INT_CONVERSION = YES;
				CLANG_WARN_NON_LITERAL_NULL_CONVERSION = YES;
				CLANG_WARN_OBJC_IMPLICIT_RETAIN_SELF = YES;
				CLANG_WARN_OBJC_LITERAL_CONVERSION = YES;
				CLANG_WARN_OBJC_ROOT_CLASS = YES_ERROR;
				CLANG_WARN_QUOTED_INCLUDE_IN_FRAMEWORK_HEADER = YES;
				CLANG_WARN_RANGE_LOOP_ANALYSIS = YES;
				CLANG_WARN_STRICT_PROTOTYPES = YES;
				CLANG_WARN_SUSPICIOUS_MOVE = YES;
				CLANG_WARN_UNGUARDED_AVAILABILITY = YES_AGGRESSIVE;
				CLANG_WARN_UNREACHABLE_CODE = YES;
				CLANG_WARN__DUPLICATE_METHOD_MATCH = YES;
				COPY_PHASE_STRIP = NO;
				DEBUG_INFORMATION_FORMAT = "dwarf-with-dsym";
				ENABLE_NS_ASSERTIONS = NO;
				ENABLE_STRICT_OBJC_MSGSEND = YES;
				ENABLE_USER_SCRIPT_SANDBOXING = YES;
				GCC_C_LANGUAGE_STANDARD = gnu17;
				GCC_NO_COMMON_BLOCKS = YES;
				GCC_WARN_64_TO_32_BIT_CONVERSION = YES;
				GCC_WARN_ABOUT_RETURN_TYPE = YES_ERROR;
				GCC_WARN_UNDECLARED_SELECTOR = YES;
				GCC_WARN_UNINITIALIZED_AUTOS = YES_AGGRESSIVE;
				GCC_WARN_UNUSED_FUNCTION = YES;
				GCC_WARN_UNUSED_VARIABLE = YES;
				IPHONEOS_DEPLOYMENT_TARGET = 18.5;
				LOCALIZATION_PREFERS_STRING_CATALOGS = YES;
				MTL_ENABLE_DEBUG_INFO = NO;
				MTL_FAST_MATH = YES;
				SDKROOT = iphoneos;
				SWIFT_COMPILATION_MODE = wholemodule;
				VALIDATE_PRODUCT = YES;
			};
			name = Release;
		};
		BE34FDE32E7A8420009F41D8 /* Debug */ = {
			isa = XCBuildConfiguration;
			buildSettings = {
				ASSETCATALOG_COMPILER_APPICON_NAME = AppIcon;
				ASSETCATALOG_COMPILER_GLOBAL_ACCENT_COLOR_NAME = AccentColor;
				CODE_SIGN_STYLE = Automatic;
				CURRENT_PROJECT_VERSION = 1;
				DEVELOPMENT_TEAM = CR8ZDV9W3F;
				ENABLE_PREVIEWS = YES;
				GENERATE_INFOPLIST_FILE = YES;
				INFOPLIST_KEY_UIApplicationSceneManifest_Generation = YES;
				INFOPLIST_KEY_UIApplicationSupportsIndirectInputEvents = YES;
				INFOPLIST_KEY_UILaunchScreen_Generation = YES;
				INFOPLIST_KEY_UISupportedInterfaceOrientations_iPad = "UIInterfaceOrientationPortrait UIInterfaceOrientationPortraitUpsideDown UIInterfaceOrientationLandscapeLeft UIInterfaceOrientationLandscapeRight";
				INFOPLIST_KEY_UISupportedInterfaceOrientations_iPhone = "UIInterfaceOrientationPortrait UIInterfaceOrientationLandscapeLeft UIInterfaceOrientationLandscapeRight";
				IPHONEOS_DEPLOYMENT_TARGET = 17.0;
				LD_RUNPATH_SEARCH_PATHS = (
					"$(inherited)",
					"@executable_path/Frameworks",
				);
				MARKETING_VERSION = 1.0;
				PRODUCT_BUNDLE_IDENTIFIER = com.seropoint.AirComfy;
				PRODUCT_NAME = "$(TARGET_NAME)";
				SWIFT_EMIT_LOC_STRINGS = YES;
				SWIFT_VERSION = 5.0;
				TARGETED_DEVICE_FAMILY = "1,2";
			};
			name = Debug;
		};
		BE34FDE42E7A8420009F41D8 /* Release */ = {
			isa = XCBuildConfiguration;
			buildSettings = {
				ASSETCATALOG_COMPILER_APPICON_NAME = AppIcon;
				ASSETCATALOG_COMPILER_GLOBAL_ACCENT_COLOR_NAME = AccentColor;
				CODE_SIGN_STYLE = Automatic;
				CURRENT_PROJECT_VERSION = 1;
				DEVELOPMENT_TEAM = CR8ZDV9W3F;
				ENABLE_PREVIEWS = YES;
				GENERATE_INFOPLIST_FILE = YES;
				INFOPLIST_KEY_UIApplicationSceneManifest_Generation = YES;
				INFOPLIST_KEY_UIApplicationSupportsIndirectInputEvents = YES;
				INFOPLIST_KEY_UILaunchScreen_Generation = YES;
				INFOPLIST_KEY_UISupportedInterfaceOrientations_iPad = "UIInterfaceOrientationPortrait UIInterfaceOrientationPortraitUpsideDown UIInterfaceOrientationLandscapeLeft UIInterfaceOrientationLandscapeRight";
				INFOPLIST_KEY_UISupportedInterfaceOrientations_iPhone = "UIInterfaceOrientationPortrait UIInterfaceOrientationLandscapeLeft UIInterfaceOrientationLandscapeRight";
				IPHONEOS_DEPLOYMENT_TARGET = 17.0;
				LD_RUNPATH_SEARCH_PATHS = (
					"$(inherited)",
					"@executable_path/Frameworks",
				);
				MARKETING_VERSION = 1.0;
				PRODUCT_BUNDLE_IDENTIFIER = com.seropoint.AirComfy;
				PRODUCT_NAME = "$(TARGET_NAME)";
				SWIFT_EMIT_LOC_STRINGS = YES;
				SWIFT_VERSION = 5.0;
				TARGETED_DEVICE_FAMILY = "1,2";
			};
			name = Release;
		};
		BE34FDE62E7A8420009F41D8 /* Debug */ = {
			isa = XCBuildConfiguration;
			buildSettings = {
				BUNDLE_LOADER = "$(TEST_HOST)";
				CODE_SIGN_STYLE = Automatic;
				CURRENT_PROJECT_VERSION = 1;
				GENERATE_INFOPLIST_FILE = YES;
				IPHONEOS_DEPLOYMENT_TARGET = 18.5;
				MARKETING_VERSION = 1.0;
				PRODUCT_BUNDLE_IDENTIFIER = com.seropoint.AirComfyTests;
				PRODUCT_NAME = "$(TARGET_NAME)";
				SWIFT_EMIT_LOC_STRINGS = NO;
				SWIFT_VERSION = 5.0;
				TARGETED_DEVICE_FAMILY = "1,2";
				TEST_HOST = "$(BUILT_PRODUCTS_DIR)/AirComfy.app/$(BUNDLE_EXECUTABLE_FOLDER_PATH)/AirComfy";
			};
			name = Debug;
		};
		BE34FDE72E7A8420009F41D8 /* Release */ = {
			isa = XCBuildConfiguration;
			buildSettings = {
				BUNDLE_LOADER = "$(TEST_HOST)";
				CODE_SIGN_STYLE = Automatic;
				CURRENT_PROJECT_VERSION = 1;
				GENERATE_INFOPLIST_FILE = YES;
				IPHONEOS_DEPLOYMENT_TARGET = 18.5;
				MARKETING_VERSION = 1.0;
				PRODUCT_BUNDLE_IDENTIFIER = com.seropoint.AirComfyTests;
				PRODUCT_NAME = "$(TARGET_NAME)";
				SWIFT_EMIT_LOC_STRINGS = NO;
				SWIFT_VERSION = 5.0;
				TARGETED_DEVICE_FAMILY = "1,2";
				TEST_HOST = "$(BUILT_PRODUCTS_DIR)/AirComfy.app/$(BUNDLE_EXECUTABLE_FOLDER_PATH)/AirComfy";
			};
			name = Release;
		};
		BE34FDE92E7A8420009F41D8 /* Debug */ = {
			isa = XCBuildConfiguration;
			buildSettings = {
				CODE_SIGN_STYLE = Automatic;
				CURRENT_PROJECT_VERSION = 1;
				GENERATE_INFOPLIST_FILE = YES;
				MARKETING_VERSION = 1.0;
				PRODUCT_BUNDLE_IDENTIFIER = com.seropoint.AirComfyUITests;
				PRODUCT_NAME = "$(TARGET_NAME)";
				SWIFT_EMIT_LOC_STRINGS = NO;
				SWIFT_VERSION = 5.0;
				TARGETED_DEVICE_FAMILY = "1,2";
				TEST_TARGET_NAME = AirComfy;
			};
			name = Debug;
		};
		BE34FDEA2E7A8420009F41D8 /* Release */ = {
			isa = XCBuildConfiguration;
			buildSettings = {
				CODE_SIGN_STYLE = Automatic;
				CURRENT_PROJECT_VERSION = 1;
				GENERATE_INFOPLIST_FILE = YES;
				MARKETING_VERSION = 1.0;
				PRODUCT_BUNDLE_IDENTIFIER = com.seropoint.AirComfyUITests;
				PRODUCT_NAME = "$(TARGET_NAME)";
				SWIFT_EMIT_LOC_STRINGS = NO;
				SWIFT_VERSION = 5.0;
				TARGETED_DEVICE_FAMILY = "1,2";
				TEST_TARGET_NAME = AirComfy;
			};
			name = Release;
		};
/* End XCBuildConfiguration section */

/* Begin XCConfigurationList section */
		BE34FDBC2E7A841E009F41D8 /* Build configuration list for PBXProject "AirComfy" */ = {
			isa = XCConfigurationList;
			buildConfigurations = (
				BE34FDE02E7A8420009F41D8 /* Debug */,
				BE34FDE12E7A8420009F41D8 /* Release */,
			);
			defaultConfigurationIsVisible = 0;
			defaultConfigurationName = Release;
		};
		BE34FDE22E7A8420009F41D8 /* Build configuration list for PBXNativeTarget "AirComfy" */ = {
			isa = XCConfigurationList;
			buildConfigurations = (
				BE34FDE32E7A8420009F41D8 /* Debug */,
				BE34FDE42E7A8420009F41D8 /* Release */,
			);
			defaultConfigurationIsVisible = 0;
			defaultConfigurationName = Release;
		};
		BE34FDE52E7A8420009F41D8 /* Build configuration list for PBXNativeTarget "AirComfyTests" */ = {
			isa = XCConfigurationList;
			buildConfigurations = (
				BE34FDE62E7A8420009F41D8 /* Debug */,
				BE34FDE72E7A8420009F41D8 /* Release */,
			);
			defaultConfigurationIsVisible = 0;
			defaultConfigurationName = Release;
		};
		BE34FDE82E7A8420009F41D8 /* Build configuration list for PBXNativeTarget "AirComfyUITests" */ = {
			isa = XCConfigurationList;
			buildConfigurations = (
				BE34FDE92E7A8420009F41D8 /* Debug */,
				BE34FDEA2E7A8420009F41D8 /* Release */,
			);
			defaultConfigurationIsVisible = 0;
			defaultConfigurationName = Release;
		};
/* End XCConfigurationList section */
	};
	rootObject = BE34FDB92E7A841E009F41D8 /* Project object */;
}
